
Microsoft Visual Studio Solution File, Format Version 11.00
# Visual Studio 2010
Project("{FAE04EC0-301F-11D3-BF4B-00C04F79EFBC}") = "QQLoginDemo2", "QQLoginDemo2\QQLoginDemo2.csproj", "{2797CC2D-1AD7-46F4-990E-B30D45F0172F}"
EndProject
Project("{FAE04EC0-301F-11D3-BF4B-00C04F79EFBC}") = "QQLoginDemo", "QQLoginDemo\QQLoginDemo.csproj", "{973EF452-F2C4-481B-A5F7-13B637DFF513}"
EndProject
Project("{FAE04EC0-301F-11D3-BF4B-00C04F79EFBC}") = "TestProject1", "TestProject1\TestProject1.csproj", "{512F88BF-1F5B-4B57-884D-EAF8DD32827F}"
EndProject
Global
	GlobalSection(SolutionConfigurationPlatforms) = preSolution
		Debug|Any CPU = Debug|Any CPU
		Release|Any CPU = Release|Any CPU
	EndGlobalSection
	GlobalSection(ProjectConfigurationPlatforms) = postSolution
		{2797CC2D-1AD7-46F4-990E-B30D45F0172F}.Debug|Any CPU.ActiveCfg = Debug|Any CPU
		{2797CC2D-1AD7-46F4-990E-B30D45F0172F}.Debug|Any CPU.Build.0 = Debug|Any CPU
		{2797CC2D-1AD7-46F4-990E-B30D45F0172F}.Debug|Any CPU.Deploy.0 = Debug|Any CPU
		{2797CC2D-1AD7-46F4-990E-B30D45F0172F}.Release|Any CPU.ActiveCfg = Release|Any CPU
		{2797CC2D-1AD7-46F4-990E-B30D45F0172F}.Release|Any CPU.Build.0 = Release|Any CPU
		{2797CC2D-1AD7-46F4-990E-B30D45F0172F}.Release|Any CPU.Deploy.0 = Release|Any CPU
		{973EF452-F2C4-481B-A5F7-13B637DFF513}.Debug|Any CPU.ActiveCfg = Debug|Any CPU
		{973EF452-F2C4-481B-A5F7-13B637DFF513}.Debug|Any CPU.Build.0 = Debug|Any CPU
		{973EF452-F2C4-481B-A5F7-13B637DFF513}.Debug|Any CPU.Deploy.0 = Debug|Any CPU
		{973EF452-F2C4-481B-A5F7-13B637DFF513}.Release|Any CPU.ActiveCfg = Release|Any CPU
		{973EF452-F2C4-481B-A5F7-13B637DFF513}.Release|Any CPU.Build.0 = Release|Any CPU
		{973EF452-F2C4-481B-A5F7-13B637DFF513}.Release|Any CPU.Deploy.0 = Release|Any CPU
		{512F88BF-1F5B-4B57-884D-EAF8DD32827F}.Debug|Any CPU.ActiveCfg = Debug|Any CPU
		{512F88BF-1F5B-4B57-884D-EAF8DD32827F}.Debug|Any CPU.Build.0 = Debug|Any CPU
		{512F88BF-1F5B-4B57-884D-EAF8DD32827F}.Debug|Any CPU.Deploy.0 = Debug|Any CPU
		{512F88BF-1F5B-4B57-884D-EAF8DD32827F}.Release|Any CPU.ActiveCfg = Release|Any CPU
		{512F88BF-1F5B-4B57-884D-EAF8DD32827F}.Release|Any CPU.Build.0 = Release|Any CPU
		{512F88BF-1F5B-4B57-884D-EAF8DD32827F}.Release|Any CPU.Deploy.0 = Release|Any CPU
	EndGlobalSection
	GlobalSection(SolutionProperties) = preSolution
		HideSolutionNode = FALSE
	EndGlobalSection
EndGlobal
