
Microsoft Visual Studio Solution File, Format Version 11.00
# Visual Studio 2010
Project("{FAE04EC0-301F-11D3-BF4B-00C04F79EFBC}") = "SilverlightApplication1", "SilverlightApplication1\SilverlightApplication1.csproj", "{7AD43BC9-46DE-41DB-B8A1-5B5FE2CB7E0C}"
EndProject
Project("{FAE04EC0-301F-11D3-BF4B-00C04F79EFBC}") = "SilverlightApplication1.Web", "SilverlightApplication1.Web\SilverlightApplication1.Web.csproj", "{07703195-DB0A-430D-8FE8-52D15DEE2D05}"
EndProject
Global
	GlobalSection(SolutionConfigurationPlatforms) = preSolution
		Debug|Any CPU = Debug|Any CPU
		Release|Any CPU = Release|Any CPU
	EndGlobalSection
	GlobalSection(ProjectConfigurationPlatforms) = postSolution
		{7AD43BC9-46DE-41DB-B8A1-5B5FE2CB7E0C}.Debug|Any CPU.ActiveCfg = Debug|Any CPU
		{7AD43BC9-46DE-41DB-B8A1-5B5FE2CB7E0C}.Debug|Any CPU.Build.0 = Debug|Any CPU
		{7AD43BC9-46DE-41DB-B8A1-5B5FE2CB7E0C}.Release|Any CPU.ActiveCfg = Release|Any CPU
		{7AD43BC9-46DE-41DB-B8A1-5B5FE2CB7E0C}.Release|Any CPU.Build.0 = Release|Any CPU
		{07703195-DB0A-430D-8FE8-52D15DEE2D05}.Debug|Any CPU.ActiveCfg = Debug|Any CPU
		{07703195-DB0A-430D-8FE8-52D15DEE2D05}.Debug|Any CPU.Build.0 = Debug|Any CPU
		{07703195-DB0A-430D-8FE8-52D15DEE2D05}.Release|Any CPU.ActiveCfg = Release|Any CPU
		{07703195-DB0A-430D-8FE8-52D15DEE2D05}.Release|Any CPU.Build.0 = Release|Any CPU
	EndGlobalSection
	GlobalSection(SolutionProperties) = preSolution
		HideSolutionNode = FALSE
	EndGlobalSection
EndGlobal
